
Microsoft Visual Studio Solution File, Format Version 12.00
# Visual Studio Version 17
VisualStudioVersion = 17.7.34024.191
MinimumVisualStudioVersion = 10.0.40219.1
Project("{FAE04EC0-301F-11D3-BF4B-00C04F79EFBC}") = "Bank Insane", "Bank Insane\Bank Insane.csproj", "{7866AC81-D3F8-4312-802A-499729EBB0B7}"
EndProject
Global
	GlobalSection(SolutionConfigurationPlatforms) = preSolution
		Debug|Any CPU = Debug|Any CPU
		Release|Any CPU = Release|Any CPU
	EndGlobalSection
	GlobalSection(ProjectConfigurationPlatforms) = postSolution
		{7866AC81-D3F8-4312-802A-499729EBB0B7}.Debug|Any CPU.ActiveCfg = Debug|Any CPU
		{7866AC81-D3F8-4312-802A-499729EBB0B7}.Debug|Any CPU.Build.0 = Debug|Any CPU
		{7866AC81-D3F8-4312-802A-499729EBB0B7}.Release|Any CPU.ActiveCfg = Release|Any CPU
		{7866AC81-D3F8-4312-802A-499729EBB0B7}.Release|Any CPU.Build.0 = Release|Any CPU
	EndGlobalSection
	GlobalSection(SolutionProperties) = preSolution
		HideSolutionNode = FALSE
	EndGlobalSection
	GlobalSection(ExtensibilityGlobals) = postSolution
		SolutionGuid = {EC60BA8A-19C9-4AB5-8C3E-9FFFB494D07E}
	EndGlobalSection
EndGlobal
